// !$*UTF8*$!
{
	archiveVersion = 1;
	classes = {
	};
	objectVersion = 46;
	objects = {

/* Begin PBXBuildFile section */
		5213B9CB1AC536DD00950C97 /* main.m in Sources */ = {isa = PBXBuildFile; fileRef = 5213B9CA1AC536DD00950C97 /* main.m */; };
		5213B9CE1AC536DD00950C97 /* DTAppDelegate.m in Sources */ = {isa = PBXBuildFile; fileRef = 5213B9CD1AC536DD00950C97 /* DTAppDelegate.m */; };
		5213B9D11AC536DD00950C97 /* DTViewController.m in Sources */ = {isa = PBXBuildFile; fileRef = 5213B9D01AC536DD00950C97 /* DTViewController.m */; };
		5213B9D61AC536DD00950C97 /* Images.xcassets in Resources */ = {isa = PBXBuildFile; fileRef = 5213B9D51AC536DD00950C97 /* Images.xcassets */; };
		5213B9D91AC536DD00950C97 /* LaunchScreen.xib in Resources */ = {isa = PBXBuildFile; fileRef = 5213B9D71AC536DD00950C97 /* LaunchScreen.xib */; };
		5213B9E51AC536DD00950C97 /* DTPhotoBrowerTests.m in Sources */ = {isa = PBXBuildFile; fileRef = 5213B9E41AC536DD00950C97 /* DTPhotoBrowerTests.m */; };
		5213B9EF1AC5389E00950C97 /* UIKit.framework in Frameworks */ = {isa = PBXBuildFile; fileRef = 5213B9EE1AC5389E00950C97 /* UIKit.framework */; };
		5213B9F11AC538AF00950C97 /* Foundation.framework in Frameworks */ = {isa = PBXBuildFile; fileRef = 5213B9F01AC538AF00950C97 /* Foundation.framework */; };
		5213B9F31AC538B700950C97 /* Photos.framework in Frameworks */ = {isa = PBXBuildFile; fileRef = 5213B9F21AC538B700950C97 /* Photos.framework */; };
		525CB2F71AC53B33008A21FE /* DTGroupListViewController.m in Sources */ = {isa = PBXBuildFile; fileRef = 525CB2F61AC53B33008A21FE /* DTGroupListViewController.m */; settings = {COMPILER_FLAGS = "-fno-objc-arc"; }; };
		525CB2FA1AC53B4C008A21FE /* DTPhotoBrowerSetting.m in Sources */ = {isa = PBXBuildFile; fileRef = 525CB2F91AC53B4C008A21FE /* DTPhotoBrowerSetting.m */; settings = {COMPILER_FLAGS = "-fno-objc-arc"; }; };
		525CB2FF1AC53C06008A21FE /* PHCollection+Collection.m in Sources */ = {isa = PBXBuildFile; fileRef = 525CB2FC1AC53C06008A21FE /* PHCollection+Collection.m */; settings = {COMPILER_FLAGS = "-fno-objc-arc"; }; };
		525CB3001AC53C06008A21FE /* PHPhotoLibrary+PhotoLibrary.m in Sources */ = {isa = PBXBuildFile; fileRef = 525CB2FE1AC53C06008A21FE /* PHPhotoLibrary+PhotoLibrary.m */; settings = {COMPILER_FLAGS = "-fno-objc-arc"; }; };
		525CB3031AC54803008A21FE /* DTViewController.xib in Resources */ = {isa = PBXBuildFile; fileRef = 525CB3021AC54803008A21FE /* DTViewController.xib */; };
		528232001AC93D830076209B /* DTPhotoBrowerController.m in Sources */ = {isa = PBXBuildFile; fileRef = 528231FF1AC93D830076209B /* DTPhotoBrowerController.m */; settings = {COMPILER_FLAGS = "-fno-objc-arc"; }; };
		528232031AC949460076209B /* PHImageManager+ImageManager.m in Sources */ = {isa = PBXBuildFile; fileRef = 528232021AC949460076209B /* PHImageManager+ImageManager.m */; settings = {COMPILER_FLAGS = "-fno-objc-arc"; }; };
		52ECBF181AC94D9600192A4B /* DTPhotoBrowerCell.m in Sources */ = {isa = PBXBuildFile; fileRef = 52ECBF171AC94D9600192A4B /* DTPhotoBrowerCell.m */; settings = {COMPILER_FLAGS = "-fno-objc-arc"; }; };
/* End PBXBuildFile section */

/* Begin PBXContainerItemProxy section */
		5213B9DF1AC536DD00950C97 /* PBXContainerItemProxy */ = {
			isa = PBXContainerItemProxy;
			containerPortal = 5213B9BD1AC536DD00950C97 /* Project object */;
			proxyType = 1;
			remoteGlobalIDString = 5213B9C41AC536DD00950C97;
			remoteInfo = DTPhotoBrower;
		};
/* End PBXContainerItemProxy section */

/* Begin PBXFileReference section */
		5213B9C51AC536DD00950C97 /* DTPhotoBrower.app */ = {isa = PBXFileReference; explicitFileType = wrapper.application; includeInIndex = 0; path = DTPhotoBrower.app; sourceTree = BUILT_PRODUCTS_DIR; };
		5213B9C91AC536DD00950C97 /* Info.plist */ = {isa = PBXFileReference; lastKnownFileType = text.plist.xml; path = Info.plist; sourceTree = "<group>"; };
		5213B9CA1AC536DD00950C97 /* main.m */ = {isa = PBXFileReference; lastKnownFileType = sourcecode.c.objc; path = main.m; sourceTree = "<group>"; };
		5213B9CC1AC536DD00950C97 /* DTAppDelegate.h */ = {isa = PBXFileReference; lastKnownFileType = sourcecode.c.h; path = DTAppDelegate.h; sourceTree = "<group>"; };
		5213B9CD1AC536DD00950C97 /* DTAppDelegate.m */ = {isa = PBXFileReference; lastKnownFileType = sourcecode.c.objc; path = DTAppDelegate.m; sourceTree = "<group>"; };
		5213B9CF1AC536DD00950C97 /* DTViewController.h */ = {isa = PBXFileReference; lastKnownFileType = sourcecode.c.h; path = DTViewController.h; sourceTree = "<group>"; };
		5213B9D01AC536DD00950C97 /* DTViewController.m */ = {isa = PBXFileReference; lastKnownFileType = sourcecode.c.objc; path = DTViewController.m; sourceTree = "<group>"; };
		5213B9D51AC536DD00950C97 /* Images.xcassets */ = {isa = PBXFileReference; lastKnownFileType = folder.assetcatalog; path = Images.xcassets; sourceTree = "<group>"; };
		5213B9D81AC536DD00950C97 /* Base */ = {isa = PBXFileReference; lastKnownFileType = file.xib; name = Base; path = Base.lproj/LaunchScreen.xib; sourceTree = "<group>"; };
		5213B9DE1AC536DD00950C97 /* DTPhotoBrowerTests.xctest */ = {isa = PBXFileReference; explicitFileType = wrapper.cfbundle; includeInIndex = 0; path = DTPhotoBrowerTests.xctest; sourceTree = BUILT_PRODUCTS_DIR; };
		5213B9E31AC536DD00950C97 /* Info.plist */ = {isa = PBXFileReference; lastKnownFileType = text.plist.xml; path = Info.plist; sourceTree = "<group>"; };
		5213B9E41AC536DD00950C97 /* DTPhotoBrowerTests.m */ = {isa = PBXFileReference; lastKnownFileType = sourcecode.c.objc; path = DTPhotoBrowerTests.m; sourceTree = "<group>"; };
		5213B9EE1AC5389E00950C97 /* UIKit.framework */ = {isa = PBXFileReference; lastKnownFileType = wrapper.framework; name = UIKit.framework; path = System/Library/Frameworks/UIKit.framework; sourceTree = SDKROOT; };
		5213B9F01AC538AF00950C97 /* Foundation.framework */ = {isa = PBXFileReference; lastKnownFileType = wrapper.framework; name = Foundation.framework; path = System/Library/Frameworks/Foundation.framework; sourceTree = SDKROOT; };
		5213B9F21AC538B700950C97 /* Photos.framework */ = {isa = PBXFileReference; lastKnownFileType = wrapper.framework; name = Photos.framework; path = System/Library/Frameworks/Photos.framework; sourceTree = SDKROOT; };
		525CB2F51AC53B33008A21FE /* DTGroupListViewController.h */ = {isa = PBXFileReference; fileEncoding = 4; lastKnownFileType = sourcecode.c.h; path = DTGroupListViewController.h; sourceTree = "<group>"; };
		525CB2F61AC53B33008A21FE /* DTGroupListViewController.m */ = {isa = PBXFileReference; fileEncoding = 4; lastKnownFileType = sourcecode.c.objc; path = DTGroupListViewController.m; sourceTree = "<group>"; };
		525CB2F81AC53B4C008A21FE /* DTPhotoBrowerSetting.h */ = {isa = PBXFileReference; fileEncoding = 4; lastKnownFileType = sourcecode.c.h; path = DTPhotoBrowerSetting.h; sourceTree = "<group>"; };
		525CB2F91AC53B4C008A21FE /* DTPhotoBrowerSetting.m */ = {isa = PBXFileReference; fileEncoding = 4; lastKnownFileType = sourcecode.c.objc; path = DTPhotoBrowerSetting.m; sourceTree = "<group>"; };
		525CB2FB1AC53C06008A21FE /* PHCollection+Collection.h */ = {isa = PBXFileReference; fileEncoding = 4; lastKnownFileType = sourcecode.c.h; path = "PHCollection+Collection.h"; sourceTree = "<group>"; };
		525CB2FC1AC53C06008A21FE /* PHCollection+Collection.m */ = {isa = PBXFileReference; fileEncoding = 4; lastKnownFileType = sourcecode.c.objc; path = "PHCollection+Collection.m"; sourceTree = "<group>"; };
		525CB2FD1AC53C06008A21FE /* PHPhotoLibrary+PhotoLibrary.h */ = {isa = PBXFileReference; fileEncoding = 4; lastKnownFileType = sourcecode.c.h; path = "PHPhotoLibrary+PhotoLibrary.h"; sourceTree = "<group>"; };
		525CB2FE1AC53C06008A21FE /* PHPhotoLibrary+PhotoLibrary.m */ = {isa = PBXFileReference; fileEncoding = 4; lastKnownFileType = sourcecode.c.objc; path = "PHPhotoLibrary+PhotoLibrary.m"; sourceTree = "<group>"; };
		525CB3021AC54803008A21FE /* DTViewController.xib */ = {isa = PBXFileReference; fileEncoding = 4; lastKnownFileType = file.xib; path = DTViewController.xib; sourceTree = "<group>"; };
		528231FE1AC93D830076209B /* DTPhotoBrowerController.h */ = {isa = PBXFileReference; fileEncoding = 4; lastKnownFileType = sourcecode.c.h; path = DTPhotoBrowerController.h; sourceTree = "<group>"; };
		528231FF1AC93D830076209B /* DTPhotoBrowerController.m */ = {isa = PBXFileReference; fileEncoding = 4; lastKnownFileType = sourcecode.c.objc; path = DTPhotoBrowerController.m; sourceTree = "<group>"; };
		528232011AC949460076209B /* PHImageManager+ImageManager.h */ = {isa = PBXFileReference; fileEncoding = 4; lastKnownFileType = sourcecode.c.h; path = "PHImageManager+ImageManager.h"; sourceTree = "<group>"; };
		528232021AC949460076209B /* PHImageManager+ImageManager.m */ = {isa = PBXFileReference; fileEncoding = 4; lastKnownFileType = sourcecode.c.objc; path = "PHImageManager+ImageManager.m"; sourceTree = "<group>"; };
		52ECBF161AC94D9600192A4B /* DTPhotoBrowerCell.h */ = {isa = PBXFileReference; fileEncoding = 4; lastKnownFileType = sourcecode.c.h; path = DTPhotoBrowerCell.h; sourceTree = "<group>"; };
		52ECBF171AC94D9600192A4B /* DTPhotoBrowerCell.m */ = {isa = PBXFileReference; fileEncoding = 4; lastKnownFileType = sourcecode.c.objc; path = DTPhotoBrowerCell.m; sourceTree = "<group>"; };
/* End PBXFileReference section */

/* Begin PBXFrameworksBuildPhase section */
		5213B9C21AC536DD00950C97 /* Frameworks */ = {
			isa = PBXFrameworksBuildPhase;
			buildActionMask = 2147483647;
			files = (
				5213B9F31AC538B700950C97 /* Photos.framework in Frameworks */,
				5213B9F11AC538AF00950C97 /* Foundation.framework in Frameworks */,
				5213B9EF1AC5389E00950C97 /* UIKit.framework in Frameworks */,
			);
			runOnlyForDeploymentPostprocessing = 0;
		};
		5213B9DB1AC536DD00950C97 /* Frameworks */ = {
			isa = PBXFrameworksBuildPhase;
			buildActionMask = 2147483647;
			files = (
			);
			runOnlyForDeploymentPostprocessing = 0;
		};
/* End PBXFrameworksBuildPhase section */

/* Begin PBXGroup section */
		5213B9BC1AC536DD00950C97 = {
			isa = PBXGroup;
			children = (
				5213B9C71AC536DD00950C97 /* DTPhotoBrowerDemo */,
				5213B9F41AC538BD00950C97 /* FrameWorks */,
				5213B9E11AC536DD00950C97 /* DTPhotoBrowerTests */,
				5213B9C61AC536DD00950C97 /* Products */,
			);
			sourceTree = "<group>";
		};
		5213B9C61AC536DD00950C97 /* Products */ = {
			isa = PBXGroup;
			children = (
				5213B9C51AC536DD00950C97 /* DTPhotoBrower.app */,
				5213B9DE1AC536DD00950C97 /* DTPhotoBrowerTests.xctest */,
			);
			name = Products;
			sourceTree = "<group>";
		};
		5213B9C71AC536DD00950C97 /* DTPhotoBrowerDemo */ = {
			isa = PBXGroup;
			children = (
				525CB2F11AC53A74008A21FE /* DTPhotoBrower */,
				5213B9CC1AC536DD00950C97 /* DTAppDelegate.h */,
				5213B9CD1AC536DD00950C97 /* DTAppDelegate.m */,
				5213B9CF1AC536DD00950C97 /* DTViewController.h */,
				5213B9D01AC536DD00950C97 /* DTViewController.m */,
				525CB3021AC54803008A21FE /* DTViewController.xib */,
				5213B9D51AC536DD00950C97 /* Images.xcassets */,
				5213B9D71AC536DD00950C97 /* LaunchScreen.xib */,
				5213B9C81AC536DD00950C97 /* Supporting Files */,
			);
			name = DTPhotoBrowerDemo;
			path = DTPhotoBrower;
			sourceTree = "<group>";
		};
		5213B9C81AC536DD00950C97 /* Supporting Files */ = {
			isa = PBXGroup;
			children = (
				5213B9C91AC536DD00950C97 /* Info.plist */,
				5213B9CA1AC536DD00950C97 /* main.m */,
			);
			name = "Supporting Files";
			sourceTree = "<group>";
		};
		5213B9E11AC536DD00950C97 /* DTPhotoBrowerTests */ = {
			isa = PBXGroup;
			children = (
				5213B9E41AC536DD00950C97 /* DTPhotoBrowerTests.m */,
				5213B9E21AC536DD00950C97 /* Supporting Files */,
			);
			path = DTPhotoBrowerTests;
			sourceTree = "<group>";
		};
		5213B9E21AC536DD00950C97 /* Supporting Files */ = {
			isa = PBXGroup;
			children = (
				5213B9E31AC536DD00950C97 /* Info.plist */,
			);
			name = "Supporting Files";
			sourceTree = "<group>";
		};
		5213B9F41AC538BD00950C97 /* FrameWorks */ = {
			isa = PBXGroup;
			children = (
				5213B9F21AC538B700950C97 /* Photos.framework */,
				5213B9F01AC538AF00950C97 /* Foundation.framework */,
				5213B9EE1AC5389E00950C97 /* UIKit.framework */,
			);
			name = FrameWorks;
			sourceTree = "<group>";
		};
		525CB2F11AC53A74008A21FE /* DTPhotoBrower */ = {
			isa = PBXGroup;
			children = (
				525CB3011AC53C0D008A21FE /* Categories */,
				525CB2F81AC53B4C008A21FE /* DTPhotoBrowerSetting.h */,
				525CB2F91AC53B4C008A21FE /* DTPhotoBrowerSetting.m */,
				525CB2F51AC53B33008A21FE /* DTGroupListViewController.h */,
				525CB2F61AC53B33008A21FE /* DTGroupListViewController.m */,
				52ECBF161AC94D9600192A4B /* DTPhotoBrowerCell.h */,
				52ECBF171AC94D9600192A4B /* DTPhotoBrowerCell.m */,
				528231FE1AC93D830076209B /* DTPhotoBrowerController.h */,
				528231FF1AC93D830076209B /* DTPhotoBrowerController.m */,
			);
			path = DTPhotoBrower;
			sourceTree = "<group>";
		};
		525CB3011AC53C0D008A21FE /* Categories */ = {
			isa = PBXGroup;
			children = (
				525CB2FB1AC53C06008A21FE /* PHCollection+Collection.h */,
				525CB2FC1AC53C06008A21FE /* PHCollection+Collection.m */,
				525CB2FD1AC53C06008A21FE /* PHPhotoLibrary+PhotoLibrary.h */,
				525CB2FE1AC53C06008A21FE /* PHPhotoLibrary+PhotoLibrary.m */,
				528232011AC949460076209B /* PHImageManager+ImageManager.h */,
				528232021AC949460076209B /* PHImageManager+ImageManager.m */,
			);
			path = Categories;
			sourceTree = "<group>";
		};
/* End PBXGroup section */

/* Begin PBXNativeTarget section */
		5213B9C41AC536DD00950C97 /* DTPhotoBrower */ = {
			isa = PBXNativeTarget;
			buildConfigurationList = 5213B9E81AC536DD00950C97 /* Build configuration list for PBXNativeTarget "DTPhotoBrower" */;
			buildPhases = (
				5213B9C11AC536DD00950C97 /* Sources */,
				5213B9C21AC536DD00950C97 /* Frameworks */,
				5213B9C31AC536DD00950C97 /* Resources */,
			);
			buildRules = (
			);
			dependencies = (
			);
			name = DTPhotoBrower;
			productName = DTPhotoBrower;
			productReference = 5213B9C51AC536DD00950C97 /* DTPhotoBrower.app */;
			productType = "com.apple.product-type.application";
		};
		5213B9DD1AC536DD00950C97 /* DTPhotoBrowerTests */ = {
			isa = PBXNativeTarget;
			buildConfigurationList = 5213B9EB1AC536DD00950C97 /* Build configuration list for PBXNativeTarget "DTPhotoBrowerTests" */;
			buildPhases = (
				5213B9DA1AC536DD00950C97 /* Sources */,
				5213B9DB1AC536DD00950C97 /* Frameworks */,
				5213B9DC1AC536DD00950C97 /* Resources */,
			);
			buildRules = (
			);
			dependencies = (
				5213B9E01AC536DD00950C97 /* PBXTargetDependency */,
			);
			name = DTPhotoBrowerTests;
			productName = DTPhotoBrowerTests;
			productReference = 5213B9DE1AC536DD00950C97 /* DTPhotoBrowerTests.xctest */;
			productType = "com.apple.product-type.bundle.unit-test";
		};
/* End PBXNativeTarget section */

/* Begin PBXProject section */
		5213B9BD1AC536DD00950C97 /* Project object */ = {
			isa = PBXProject;
			attributes = {
				CLASSPREFIX = DT;
				LastUpgradeCheck = 0620;
				ORGANIZATIONNAME = Darktt;
				TargetAttributes = {
					5213B9C41AC536DD00950C97 = {
						CreatedOnToolsVersion = 6.2;
						DevelopmentTeam = HHA6P9K77D;
					};
					5213B9DD1AC536DD00950C97 = {
						CreatedOnToolsVersion = 6.2;
						TestTargetID = 5213B9C41AC536DD00950C97;
					};
				};
			};
			buildConfigurationList = 5213B9C01AC536DD00950C97 /* Build configuration list for PBXProject "DTPhotoBrower" */;
			compatibilityVersion = "Xcode 3.2";
			developmentRegion = English;
			hasScannedForEncodings = 0;
			knownRegions = (
				en,
				Base,
			);
			mainGroup = 5213B9BC1AC536DD00950C97;
			productRefGroup = 5213B9C61AC536DD00950C97 /* Products */;
			projectDirPath = "";
			projectRoot = "";
			targets = (
				5213B9C41AC536DD00950C97 /* DTPhotoBrower */,
				5213B9DD1AC536DD00950C97 /* DTPhotoBrowerTests */,
			);
		};
/* End PBXProject section */

/* Begin PBXResourcesBuildPhase section */
		5213B9C31AC536DD00950C97 /* Resources */ = {
			isa = PBXResourcesBuildPhase;
			buildActionMask = 2147483647;
			files = (
				5213B9D91AC536DD00950C97 /* LaunchScreen.xib in Resources */,
				5213B9D61AC536DD00950C97 /* Images.xcassets in Resources */,
				525CB3031AC54803008A21FE /* DTViewController.xib in Resources */,
			);
			runOnlyForDeploymentPostprocessing = 0;
		};
		5213B9DC1AC536DD00950C97 /* Resources */ = {
			isa = PBXResourcesBuildPhase;
			buildActionMask = 2147483647;
			files = (
			);
			runOnlyForDeploymentPostprocessing = 0;
		};
/* End PBXResourcesBuildPhase section */

/* Begin PBXSourcesBuildPhase section */
		5213B9C11AC536DD00950C97 /* Sources */ = {
			isa = PBXSourcesBuildPhase;
			buildActionMask = 2147483647;
			files = (
				5213B9D11AC536DD00950C97 /* DTViewController.m in Sources */,
				525CB2FF1AC53C06008A21FE /* PHCollection+Collection.m in Sources */,
				5213B9CE1AC536DD00950C97 /* DTAppDelegate.m in Sources */,
				52ECBF181AC94D9600192A4B /* DTPhotoBrowerCell.m in Sources */,
				528232001AC93D830076209B /* DTPhotoBrowerController.m in Sources */,
				525CB2FA1AC53B4C008A21FE /* DTPhotoBrowerSetting.m in Sources */,
				525CB2F71AC53B33008A21FE /* DTGroupListViewController.m in Sources */,
				5213B9CB1AC536DD00950C97 /* main.m in Sources */,
				525CB3001AC53C06008A21FE /* PHPhotoLibrary+PhotoLibrary.m in Sources */,
				528232031AC949460076209B /* PHImageManager+ImageManager.m in Sources */,
			);
			runOnlyForDeploymentPostprocessing = 0;
		};
		5213B9DA1AC536DD00950C97 /* Sources */ = {
			isa = PBXSourcesBuildPhase;
			buildActionMask = 2147483647;
			files = (
				5213B9E51AC536DD00950C97 /* DTPhotoBrowerTests.m in Sources */,
			);
			runOnlyForDeploymentPostprocessing = 0;
		};
/* End PBXSourcesBuildPhase section */

/* Begin PBXTargetDependency section */
		5213B9E01AC536DD00950C97 /* PBXTargetDependency */ = {
			isa = PBXTargetDependency;
			target = 5213B9C41AC536DD00950C97 /* DTPhotoBrower */;
			targetProxy = 5213B9DF1AC536DD00950C97 /* PBXContainerItemProxy */;
		};
/* End PBXTargetDependency section */

/* Begin PBXVariantGroup section */
		5213B9D71AC536DD00950C97 /* LaunchScreen.xib */ = {
			isa = PBXVariantGroup;
			children = (
				5213B9D81AC536DD00950C97 /* Base */,
			);
			name = LaunchScreen.xib;
			sourceTree = "<group>";
		};
/* End PBXVariantGroup section */

/* Begin XCBuildConfiguration section */
		5213B9E61AC536DD00950C97 /* Debug */ = {
			isa = XCBuildConfiguration;
			buildSettings = {
				ALWAYS_SEARCH_USER_PATHS = NO;
				CLANG_CXX_LANGUAGE_STANDARD = "gnu++0x";
				CLANG_CXX_LIBRARY = "libc++";
				CLANG_ENABLE_MODULES = YES;
				CLANG_ENABLE_OBJC_ARC = YES;
				CLANG_WARN_BOOL_CONVERSION = YES;
				CLANG_WARN_CONSTANT_CONVERSION = YES;
				CLANG_WARN_DIRECT_OBJC_ISA_USAGE = YES_ERROR;
				CLANG_WARN_EMPTY_BODY = YES;
				CLANG_WARN_ENUM_CONVERSION = YES;
				CLANG_WARN_INT_CONVERSION = YES;
				CLANG_WARN_OBJC_ROOT_CLASS = YES_ERROR;
				CLANG_WARN_UNREACHABLE_CODE = YES;
				CLANG_WARN__DUPLICATE_METHOD_MATCH = YES;
				"CODE_SIGN_IDENTITY[sdk=iphoneos*]" = "iPhone Developer";
				COPY_PHASE_STRIP = NO;
				ENABLE_STRICT_OBJC_MSGSEND = YES;
				GCC_C_LANGUAGE_STANDARD = gnu99;
				GCC_DYNAMIC_NO_PIC = NO;
				GCC_OPTIMIZATION_LEVEL = 0;
				GCC_PREPROCESSOR_DEFINITIONS = (
					"DEBUG=1",
					"$(inherited)",
				);
				GCC_SYMBOLS_PRIVATE_EXTERN = NO;
				GCC_WARN_64_TO_32_BIT_CONVERSION = YES;
				GCC_WARN_ABOUT_RETURN_TYPE = YES_ERROR;
				GCC_WARN_UNDECLARED_SELECTOR = YES;
				GCC_WARN_UNINITIALIZED_AUTOS = YES_AGGRESSIVE;
				GCC_WARN_UNUSED_FUNCTION = YES;
				GCC_WARN_UNUSED_VARIABLE = YES;
				IPHONEOS_DEPLOYMENT_TARGET = 8.2;
				MTL_ENABLE_DEBUG_INFO = YES;
				ONLY_ACTIVE_ARCH = YES;
				SDKROOT = iphoneos;
				TARGETED_DEVICE_FAMILY = "1,2";
			};
			name = Debug;
		};
		5213B9E71AC536DD00950C97 /* Release */ = {
			isa = XCBuildConfiguration;
			buildSettings = {
				ALWAYS_SEARCH_USER_PATHS = NO;
				CLANG_CXX_LANGUAGE_STANDARD = "gnu++0x";
				CLANG_CXX_LIBRARY = "libc++";
				CLANG_ENABLE_MODULES = YES;
				CLANG_ENABLE_OBJC_ARC = YES;
				CLANG_WARN_BOOL_CONVERSION = YES;
				CLANG_WARN_CONSTANT_CONVERSION = YES;
				CLANG_WARN_DIRECT_OBJC_ISA_USAGE = YES_ERROR;
				CLANG_WARN_EMPTY_BODY = YES;
				CLANG_WARN_ENUM_CONVERSION = YES;
				CLANG_WARN_INT_CONVERSION = YES;
				CLANG_WARN_OBJC_ROOT_CLASS = YES_ERROR;
				CLANG_WARN_UNREACHABLE_CODE = YES;
				CLANG_WARN__DUPLICATE_METHOD_MATCH = YES;
				"CODE_SIGN_IDENTITY[sdk=iphoneos*]" = "iPhone Developer";
				COPY_PHASE_STRIP = NO;
				ENABLE_NS_ASSERTIONS = NO;
				ENABLE_STRICT_OBJC_MSGSEND = YES;
				GCC_C_LANGUAGE_STANDARD = gnu99;
				GCC_WARN_64_TO_32_BIT_CONVERSION = YES;
				GCC_WARN_ABOUT_RETURN_TYPE = YES_ERROR;
				GCC_WARN_UNDECLARED_SELECTOR = YES;
				GCC_WARN_UNINITIALIZED_AUTOS = YES_AGGRESSIVE;
				GCC_WARN_UNUSED_FUNCTION = YES;
				GCC_WARN_UNUSED_VARIABLE = YES;
				IPHONEOS_DEPLOYMENT_TARGET = 8.2;
				MTL_ENABLE_DEBUG_INFO = NO;
				SDKROOT = iphoneos;
				TARGETED_DEVICE_FAMILY = "1,2";
				VALIDATE_PRODUCT = YES;
			};
			name = Release;
		};
		5213B9E91AC536DD00950C97 /* Debug */ = {
			isa = XCBuildConfiguration;
			buildSettings = {
				ASSETCATALOG_COMPILER_APPICON_NAME = AppIcon;
				CODE_SIGN_IDENTITY = "iPhone Developer";
				INFOPLIST_FILE = DTPhotoBrower/Info.plist;
				IPHONEOS_DEPLOYMENT_TARGET = 8.0;
				LD_RUNPATH_SEARCH_PATHS = "$(inherited) @executable_path/Frameworks";
				PRODUCT_NAME = "$(TARGET_NAME)";
			};
			name = Debug;
		};
		5213B9EA1AC536DD00950C97 /* Release */ = {
			isa = XCBuildConfiguration;
			buildSettings = {
				ASSETCATALOG_COMPILER_APPICON_NAME = AppIcon;
				CODE_SIGN_IDENTITY = "iPhone Developer";
				INFOPLIST_FILE = DTPhotoBrower/Info.plist;
				IPHONEOS_DEPLOYMENT_TARGET = 8.0;
				LD_RUNPATH_SEARCH_PATHS = "$(inherited) @executable_path/Frameworks";
				PRODUCT_NAME = "$(TARGET_NAME)";
			};
			name = Release;
		};
		5213B9EC1AC536DD00950C97 /* Debug */ = {
			isa = XCBuildConfiguration;
			buildSettings = {
				BUNDLE_LOADER = "$(TEST_HOST)";
				FRAMEWORK_SEARCH_PATHS = (
					"$(SDKROOT)/Developer/Library/Frameworks",
					"$(inherited)",
				);
				GCC_PREPROCESSOR_DEFINITIONS = (
					"DEBUG=1",
					"$(inherited)",
				);
				INFOPLIST_FILE = DTPhotoBrowerTests/Info.plist;
				LD_RUNPATH_SEARCH_PATHS = "$(inherited) @executable_path/Frameworks @loader_path/Frameworks";
				PRODUCT_NAME = "$(TARGET_NAME)";
				TEST_HOST = "$(BUILT_PRODUCTS_DIR)/DTPhotoBrower.app/DTPhotoBrower";
			};
			name = Debug;
		};
		5213B9ED1AC536DD00950C97 /* Release */ = {
			isa = XCBuildConfiguration;
			buildSettings = {
				BUNDLE_LOADER = "$(TEST_HOST)";
				FRAMEWORK_SEARCH_PATHS = (
					"$(SDKROOT)/Developer/Library/Frameworks",
					"$(inherited)",
				);
				INFOPLIST_FILE = DTPhotoBrowerTests/Info.plist;
				LD_RUNPATH_SEARCH_PATHS = "$(inherited) @executable_path/Frameworks @loader_path/Frameworks";
				PRODUCT_NAME = "$(TARGET_NAME)";
				TEST_HOST = "$(BUILT_PRODUCTS_DIR)/DTPhotoBrower.app/DTPhotoBrower";
			};
			name = Release;
		};
/* End XCBuildConfiguration section */

/* Begin XCConfigurationList section */
		5213B9C01AC536DD00950C97 /* Build configuration list for PBXProject "DTPhotoBrower" */ = {
			isa = XCConfigurationList;
			buildConfigurations = (
				5213B9E61AC536DD00950C97 /* Debug */,
				5213B9E71AC536DD00950C97 /* Release */,
			);
			defaultConfigurationIsVisible = 0;
			defaultConfigurationName = Release;
		};
		5213B9E81AC536DD00950C97 /* Build configuration list for PBXNativeTarget "DTPhotoBrower" */ = {
			isa = XCConfigurationList;
			buildConfigurations = (
				5213B9E91AC536DD00950C97 /* Debug */,
				5213B9EA1AC536DD00950C97 /* Release */,
			);
			defaultConfigurationIsVisible = 0;
			defaultConfigurationName = Release;
		};
		5213B9EB1AC536DD00950C97 /* Build configuration list for PBXNativeTarget "DTPhotoBrowerTests" */ = {
			isa = XCConfigurationList;
			buildConfigurations = (
				5213B9EC1AC536DD00950C97 /* Debug */,
				5213B9ED1AC536DD00950C97 /* Release */,
			);
			defaultConfigurationIsVisible = 0;
			defaultConfigurationName = Release;
		};
/* End XCConfigurationList section */
	};
	rootObject = 5213B9BD1AC536DD00950C97 /* Project object */;
}
